
Microsoft Visual Studio Solution File, Format Version 12.00
# Visual Studio 14
VisualStudioVersion = 14.0.25420.1
MinimumVisualStudioVersion = 10.0.40219.1
Project("{FAE04EC0-301F-11D3-BF4B-00C04F79EFBC}") = "QuizApp", "QuizApp\QuizApp\QuizApp.csproj", "{5CA82C13-DEC4-4F39-A862-4A217459C441}"
EndProject
Project("{FAE04EC0-301F-11D3-BF4B-00C04F79EFBC}") = "QuizApp.Droid", "QuizApp\QuizApp.Droid\QuizApp.Droid.csproj", "{CA87D136-95CF-432F-8FE8-4FB62C5D9740}"
EndProject
Project("{FAE04EC0-301F-11D3-BF4B-00C04F79EFBC}") = "QuizApp.iOS", "QuizApp\QuizApp.iOS\QuizApp.iOS.csproj", "{15D3487E-4206-4A20-9EEB-A700F8EF3DEB}"
EndProject
Project("{FAE04EC0-301F-11D3-BF4B-00C04F79EFBC}") = "QuizApp.WinPhone", "QuizApp\QuizApp.WinPhone\QuizApp.WinPhone.csproj", "{052BAE7A-DDDB-479F-8E96-2F9F13B2E4A8}"
EndProject
Project("{FAE04EC0-301F-11D3-BF4B-00C04F79EFBC}") = "QuizApp.UWP", "QuizApp\QuizApp.UWP\QuizApp.UWP.csproj", "{6FDF90BB-ADD8-403E-B408-5B17B23C6033}"
EndProject
Project("{FAE04EC0-301F-11D3-BF4B-00C04F79EFBC}") = "QuizApp.Windows", "QuizApp\QuizApp.Windows\QuizApp.Windows.csproj", "{743F1F06-5E3D-445F-8C45-E794BEFD6C63}"
EndProject
Global
	GlobalSection(SolutionConfigurationPlatforms) = preSolution
		Ad-Hoc|Any CPU = Ad-Hoc|Any CPU
		Ad-Hoc|ARM = Ad-Hoc|ARM
		Ad-Hoc|iPhone = Ad-Hoc|iPhone
		Ad-Hoc|iPhoneSimulator = Ad-Hoc|iPhoneSimulator
		Ad-Hoc|x64 = Ad-Hoc|x64
		Ad-Hoc|x86 = Ad-Hoc|x86
		AppStore|Any CPU = AppStore|Any CPU
		AppStore|ARM = AppStore|ARM
		AppStore|iPhone = AppStore|iPhone
		AppStore|iPhoneSimulator = AppStore|iPhoneSimulator
		AppStore|x64 = AppStore|x64
		AppStore|x86 = AppStore|x86
		Debug|Any CPU = Debug|Any CPU
		Debug|ARM = Debug|ARM
		Debug|iPhone = Debug|iPhone
		Debug|iPhoneSimulator = Debug|iPhoneSimulator
		Debug|x64 = Debug|x64
		Debug|x86 = Debug|x86
		Release|Any CPU = Release|Any CPU
		Release|ARM = Release|ARM
		Release|iPhone = Release|iPhone
		Release|iPhoneSimulator = Release|iPhoneSimulator
		Release|x64 = Release|x64
		Release|x86 = Release|x86
	EndGlobalSection
	GlobalSection(ProjectConfigurationPlatforms) = postSolution
		{5CA82C13-DEC4-4F39-A862-4A217459C441}.Ad-Hoc|Any CPU.ActiveCfg = Release|Any CPU
		{5CA82C13-DEC4-4F39-A862-4A217459C441}.Ad-Hoc|Any CPU.Build.0 = Release|Any CPU
		{5CA82C13-DEC4-4F39-A862-4A217459C441}.Ad-Hoc|ARM.ActiveCfg = Release|Any CPU
		{5CA82C13-DEC4-4F39-A862-4A217459C441}.Ad-Hoc|ARM.Build.0 = Release|Any CPU
		{5CA82C13-DEC4-4F39-A862-4A217459C441}.Ad-Hoc|iPhone.ActiveCfg = Release|Any CPU
		{5CA82C13-DEC4-4F39-A862-4A217459C441}.Ad-Hoc|iPhone.Build.0 = Release|Any CPU
		{5CA82C13-DEC4-4F39-A862-4A217459C441}.Ad-Hoc|iPhoneSimulator.ActiveCfg = Release|Any CPU
		{5CA82C13-DEC4-4F39-A862-4A217459C441}.Ad-Hoc|iPhoneSimulator.Build.0 = Release|Any CPU
		{5CA82C13-DEC4-4F39-A862-4A217459C441}.Ad-Hoc|x64.ActiveCfg = Release|Any CPU
		{5CA82C13-DEC4-4F39-A862-4A217459C441}.Ad-Hoc|x64.Build.0 = Release|Any CPU
		{5CA82C13-DEC4-4F39-A862-4A217459C441}.Ad-Hoc|x86.ActiveCfg = Release|Any CPU
		{5CA82C13-DEC4-4F39-A862-4A217459C441}.Ad-Hoc|x86.Build.0 = Release|Any CPU
		{5CA82C13-DEC4-4F39-A862-4A217459C441}.AppStore|Any CPU.ActiveCfg = Release|Any CPU
		{5CA82C13-DEC4-4F39-A862-4A217459C441}.AppStore|Any CPU.Build.0 = Release|Any CPU
		{5CA82C13-DEC4-4F39-A862-4A217459C441}.AppStore|ARM.ActiveCfg = Release|Any CPU
		{5CA82C13-DEC4-4F39-A862-4A217459C441}.AppStore|ARM.Build.0 = Release|Any CPU
		{5CA82C13-DEC4-4F39-A862-4A217459C441}.AppStore|iPhone.ActiveCfg = Release|Any CPU
		{5CA82C13-DEC4-4F39-A862-4A217459C441}.AppStore|iPhone.Build.0 = Release|Any CPU
		{5CA82C13-DEC4-4F39-A862-4A217459C441}.AppStore|iPhoneSimulator.ActiveCfg = Release|Any CPU
		{5CA82C13-DEC4-4F39-A862-4A217459C441}.AppStore|iPhoneSimulator.Build.0 = Release|Any CPU
		{5CA82C13-DEC4-4F39-A862-4A217459C441}.AppStore|x64.ActiveCfg = Release|Any CPU
		{5CA82C13-DEC4-4F39-A862-4A217459C441}.AppStore|x64.Build.0 = Release|Any CPU
		{5CA82C13-DEC4-4F39-A862-4A217459C441}.AppStore|x86.ActiveCfg = Release|Any CPU
		{5CA82C13-DEC4-4F39-A862-4A217459C441}.AppStore|x86.Build.0 = Release|Any CPU
		{5CA82C13-DEC4-4F39-A862-4A217459C441}.Debug|Any CPU.ActiveCfg = Debug|Any CPU
		{5CA82C13-DEC4-4F39-A862-4A217459C441}.Debug|Any CPU.Build.0 = Debug|Any CPU
		{5CA82C13-DEC4-4F39-A862-4A217459C441}.Debug|ARM.ActiveCfg = Debug|Any CPU
		{5CA82C13-DEC4-4F39-A862-4A217459C441}.Debug|ARM.Build.0 = Debug|Any CPU
		{5CA82C13-DEC4-4F39-A862-4A217459C441}.Debug|iPhone.ActiveCfg = Debug|Any CPU
		{5CA82C13-DEC4-4F39-A862-4A217459C441}.Debug|iPhone.Build.0 = Debug|Any CPU
		{5CA82C13-DEC4-4F39-A862-4A217459C441}.Debug|iPhoneSimulator.ActiveCfg = Debug|Any CPU
		{5CA82C13-DEC4-4F39-A862-4A217459C441}.Debug|iPhoneSimulator.Build.0 = Debug|Any CPU
		{5CA82C13-DEC4-4F39-A862-4A217459C441}.Debug|x64.ActiveCfg = Debug|Any CPU
		{5CA82C13-DEC4-4F39-A862-4A217459C441}.Debug|x64.Build.0 = Debug|Any CPU
		{5CA82C13-DEC4-4F39-A862-4A217459C441}.Debug|x86.ActiveCfg = Debug|Any CPU
		{5CA82C13-DEC4-4F39-A862-4A217459C441}.Debug|x86.Build.0 = Debug|Any CPU
		{5CA82C13-DEC4-4F39-A862-4A217459C441}.Release|Any CPU.ActiveCfg = Release|Any CPU
		{5CA82C13-DEC4-4F39-A862-4A217459C441}.Release|Any CPU.Build.0 = Release|Any CPU
		{5CA82C13-DEC4-4F39-A862-4A217459C441}.Release|ARM.ActiveCfg = Release|Any CPU
		{5CA82C13-DEC4-4F39-A862-4A217459C441}.Release|ARM.Build.0 = Release|Any CPU
		{5CA82C13-DEC4-4F39-A862-4A217459C441}.Release|iPhone.ActiveCfg = Release|Any CPU
		{5CA82C13-DEC4-4F39-A862-4A217459C441}.Release|iPhone.Build.0 = Release|Any CPU
		{5CA82C13-DEC4-4F39-A862-4A217459C441}.Release|iPhoneSimulator.ActiveCfg = Release|Any CPU
		{5CA82C13-DEC4-4F39-A862-4A217459C441}.Release|iPhoneSimulator.Build.0 = Release|Any CPU
		{5CA82C13-DEC4-4F39-A862-4A217459C441}.Release|x64.ActiveCfg = Release|Any CPU
		{5CA82C13-DEC4-4F39-A862-4A217459C441}.Release|x64.Build.0 = Release|Any CPU
		{5CA82C13-DEC4-4F39-A862-4A217459C441}.Release|x86.ActiveCfg = Release|Any CPU
		{5CA82C13-DEC4-4F39-A862-4A217459C441}.Release|x86.Build.0 = Release|Any CPU
		{CA87D136-95CF-432F-8FE8-4FB62C5D9740}.Ad-Hoc|Any CPU.ActiveCfg = Release|Any CPU
		{CA87D136-95CF-432F-8FE8-4FB62C5D9740}.Ad-Hoc|Any CPU.Build.0 = Release|Any CPU
		{CA87D136-95CF-432F-8FE8-4FB62C5D9740}.Ad-Hoc|Any CPU.Deploy.0 = Release|Any CPU
		{CA87D136-95CF-432F-8FE8-4FB62C5D9740}.Ad-Hoc|ARM.ActiveCfg = Release|Any CPU
		{CA87D136-95CF-432F-8FE8-4FB62C5D9740}.Ad-Hoc|ARM.Build.0 = Release|Any CPU
		{CA87D136-95CF-432F-8FE8-4FB62C5D9740}.Ad-Hoc|ARM.Deploy.0 = Release|Any CPU
		{CA87D136-95CF-432F-8FE8-4FB62C5D9740}.Ad-Hoc|iPhone.ActiveCfg = Release|Any CPU
		{CA87D136-95CF-432F-8FE8-4FB62C5D9740}.Ad-Hoc|iPhone.Build.0 = Release|Any CPU
		{CA87D136-95CF-432F-8FE8-4FB62C5D9740}.Ad-Hoc|iPhone.Deploy.0 = Release|Any CPU
		{CA87D136-95CF-432F-8FE8-4FB62C5D9740}.Ad-Hoc|iPhoneSimulator.ActiveCfg = Release|Any CPU
		{CA87D136-95CF-432F-8FE8-4FB62C5D9740}.Ad-Hoc|iPhoneSimulator.Build.0 = Release|Any CPU
		{CA87D136-95CF-432F-8FE8-4FB62C5D9740}.Ad-Hoc|iPhoneSimulator.Deploy.0 = Release|Any CPU
		{CA87D136-95CF-432F-8FE8-4FB62C5D9740}.Ad-Hoc|x64.ActiveCfg = Release|Any CPU
		{CA87D136-95CF-432F-8FE8-4FB62C5D9740}.Ad-Hoc|x64.Build.0 = Release|Any CPU
		{CA87D136-95CF-432F-8FE8-4FB62C5D9740}.Ad-Hoc|x64.Deploy.0 = Release|Any CPU
		{CA87D136-95CF-432F-8FE8-4FB62C5D9740}.Ad-Hoc|x86.ActiveCfg = Release|Any CPU
		{CA87D136-95CF-432F-8FE8-4FB62C5D9740}.Ad-Hoc|x86.Build.0 = Release|Any CPU
		{CA87D136-95CF-432F-8FE8-4FB62C5D9740}.Ad-Hoc|x86.Deploy.0 = Release|Any CPU
		{CA87D136-95CF-432F-8FE8-4FB62C5D9740}.AppStore|Any CPU.ActiveCfg = Release|Any CPU
		{CA87D136-95CF-432F-8FE8-4FB62C5D9740}.AppStore|Any CPU.Build.0 = Release|Any CPU
		{CA87D136-95CF-432F-8FE8-4FB62C5D9740}.AppStore|Any CPU.Deploy.0 = Release|Any CPU
		{CA87D136-95CF-432F-8FE8-4FB62C5D9740}.AppStore|ARM.ActiveCfg = Release|Any CPU
		{CA87D136-95CF-432F-8FE8-4FB62C5D9740}.AppStore|ARM.Build.0 = Release|Any CPU
		{CA87D136-95CF-432F-8FE8-4FB62C5D9740}.AppStore|ARM.Deploy.0 = Release|Any CPU
		{CA87D136-95CF-432F-8FE8-4FB62C5D9740}.AppStore|iPhone.ActiveCfg = Release|Any CPU
		{CA87D136-95CF-432F-8FE8-4FB62C5D9740}.AppStore|iPhone.Build.0 = Release|Any CPU
		{CA87D136-95CF-432F-8FE8-4FB62C5D9740}.AppStore|iPhone.Deploy.0 = Release|Any CPU
		{CA87D136-95CF-432F-8FE8-4FB62C5D9740}.AppStore|iPhoneSimulator.ActiveCfg = Release|Any CPU
		{CA87D136-95CF-432F-8FE8-4FB62C5D9740}.AppStore|iPhoneSimulator.Build.0 = Release|Any CPU
		{CA87D136-95CF-432F-8FE8-4FB62C5D9740}.AppStore|iPhoneSimulator.Deploy.0 = Release|Any CPU
		{CA87D136-95CF-432F-8FE8-4FB62C5D9740}.AppStore|x64.ActiveCfg = Release|Any CPU
		{CA87D136-95CF-432F-8FE8-4FB62C5D9740}.AppStore|x64.Build.0 = Release|Any CPU
		{CA87D136-95CF-432F-8FE8-4FB62C5D9740}.AppStore|x64.Deploy.0 = Release|Any CPU
		{CA87D136-95CF-432F-8FE8-4FB62C5D9740}.AppStore|x86.ActiveCfg = Release|Any CPU
		{CA87D136-95CF-432F-8FE8-4FB62C5D9740}.AppStore|x86.Build.0 = Release|Any CPU
		{CA87D136-95CF-432F-8FE8-4FB62C5D9740}.AppStore|x86.Deploy.0 = Release|Any CPU
		{CA87D136-95CF-432F-8FE8-4FB62C5D9740}.Debug|Any CPU.ActiveCfg = Debug|Any CPU
		{CA87D136-95CF-432F-8FE8-4FB62C5D9740}.Debug|Any CPU.Build.0 = Debug|Any CPU
		{CA87D136-95CF-432F-8FE8-4FB62C5D9740}.Debug|Any CPU.Deploy.0 = Debug|Any CPU
		{CA87D136-95CF-432F-8FE8-4FB62C5D9740}.Debug|ARM.ActiveCfg = Debug|Any CPU
		{CA87D136-95CF-432F-8FE8-4FB62C5D9740}.Debug|ARM.Build.0 = Debug|Any CPU
		{CA87D136-95CF-432F-8FE8-4FB62C5D9740}.Debug|ARM.Deploy.0 = Debug|Any CPU
		{CA87D136-95CF-432F-8FE8-4FB62C5D9740}.Debug|iPhone.ActiveCfg = Debug|Any CPU
		{CA87D136-95CF-432F-8FE8-4FB62C5D9740}.Debug|iPhone.Build.0 = Debug|Any CPU
		{CA87D136-95CF-432F-8FE8-4FB62C5D9740}.Debug|iPhone.Deploy.0 = Debug|Any CPU
		{CA87D136-95CF-432F-8FE8-4FB62C5D9740}.Debug|iPhoneSimulator.ActiveCfg = Debug|Any CPU
		{CA87D136-95CF-432F-8FE8-4FB62C5D9740}.Debug|iPhoneSimulator.Build.0 = Debug|Any CPU
		{CA87D136-95CF-432F-8FE8-4FB62C5D9740}.Debug|iPhoneSimulator.Deploy.0 = Debug|Any CPU
		{CA87D136-95CF-432F-8FE8-4FB62C5D9740}.Debug|x64.ActiveCfg = Debug|Any CPU
		{CA87D136-95CF-432F-8FE8-4FB62C5D9740}.Debug|x64.Build.0 = Debug|Any CPU
		{CA87D136-95CF-432F-8FE8-4FB62C5D9740}.Debug|x64.Deploy.0 = Debug|Any CPU
		{CA87D136-95CF-432F-8FE8-4FB62C5D9740}.Debug|x86.ActiveCfg = Debug|Any CPU
		{CA87D136-95CF-432F-8FE8-4FB62C5D9740}.Debug|x86.Build.0 = Debug|Any CPU
		{CA87D136-95CF-432F-8FE8-4FB62C5D9740}.Debug|x86.Deploy.0 = Debug|Any CPU
		{CA87D136-95CF-432F-8FE8-4FB62C5D9740}.Release|Any CPU.ActiveCfg = Release|Any CPU
		{CA87D136-95CF-432F-8FE8-4FB62C5D9740}.Release|Any CPU.Build.0 = Release|Any CPU
		{CA87D136-95CF-432F-8FE8-4FB62C5D9740}.Release|Any CPU.Deploy.0 = Release|Any CPU
		{CA87D136-95CF-432F-8FE8-4FB62C5D9740}.Release|ARM.ActiveCfg = Release|Any CPU
		{CA87D136-95CF-432F-8FE8-4FB62C5D9740}.Release|ARM.Build.0 = Release|Any CPU
		{CA87D136-95CF-432F-8FE8-4FB62C5D9740}.Release|ARM.Deploy.0 = Release|Any CPU
		{CA87D136-95CF-432F-8FE8-4FB62C5D9740}.Release|iPhone.ActiveCfg = Release|Any CPU
		{CA87D136-95CF-432F-8FE8-4FB62C5D9740}.Release|iPhone.Build.0 = Release|Any CPU
		{CA87D136-95CF-432F-8FE8-4FB62C5D9740}.Release|iPhone.Deploy.0 = Release|Any CPU
		{CA87D136-95CF-432F-8FE8-4FB62C5D9740}.Release|iPhoneSimulator.ActiveCfg = Release|Any CPU
		{CA87D136-95CF-432F-8FE8-4FB62C5D9740}.Release|iPhoneSimulator.Build.0 = Release|Any CPU
		{CA87D136-95CF-432F-8FE8-4FB62C5D9740}.Release|iPhoneSimulator.Deploy.0 = Release|Any CPU
		{CA87D136-95CF-432F-8FE8-4FB62C5D9740}.Release|x64.ActiveCfg = Release|Any CPU
		{CA87D136-95CF-432F-8FE8-4FB62C5D9740}.Release|x64.Build.0 = Release|Any CPU
		{CA87D136-95CF-432F-8FE8-4FB62C5D9740}.Release|x64.Deploy.0 = Release|Any CPU
		{CA87D136-95CF-432F-8FE8-4FB62C5D9740}.Release|x86.ActiveCfg = Release|Any CPU
		{CA87D136-95CF-432F-8FE8-4FB62C5D9740}.Release|x86.Build.0 = Release|Any CPU
		{CA87D136-95CF-432F-8FE8-4FB62C5D9740}.Release|x86.Deploy.0 = Release|Any CPU
		{15D3487E-4206-4A20-9EEB-A700F8EF3DEB}.Ad-Hoc|Any CPU.ActiveCfg = Ad-Hoc|iPhone
		{15D3487E-4206-4A20-9EEB-A700F8EF3DEB}.Ad-Hoc|ARM.ActiveCfg = Ad-Hoc|iPhone
		{15D3487E-4206-4A20-9EEB-A700F8EF3DEB}.Ad-Hoc|iPhone.ActiveCfg = Ad-Hoc|iPhone
		{15D3487E-4206-4A20-9EEB-A700F8EF3DEB}.Ad-Hoc|iPhone.Build.0 = Ad-Hoc|iPhone
		{15D3487E-4206-4A20-9EEB-A700F8EF3DEB}.Ad-Hoc|iPhoneSimulator.ActiveCfg = Ad-Hoc|iPhoneSimulator
		{15D3487E-4206-4A20-9EEB-A700F8EF3DEB}.Ad-Hoc|iPhoneSimulator.Build.0 = Ad-Hoc|iPhoneSimulator
		{15D3487E-4206-4A20-9EEB-A700F8EF3DEB}.Ad-Hoc|x64.ActiveCfg = Ad-Hoc|iPhone
		{15D3487E-4206-4A20-9EEB-A700F8EF3DEB}.Ad-Hoc|x86.ActiveCfg = Ad-Hoc|iPhone
		{15D3487E-4206-4A20-9EEB-A700F8EF3DEB}.AppStore|Any CPU.ActiveCfg = AppStore|iPhone
		{15D3487E-4206-4A20-9EEB-A700F8EF3DEB}.AppStore|ARM.ActiveCfg = AppStore|iPhone
		{15D3487E-4206-4A20-9EEB-A700F8EF3DEB}.AppStore|iPhone.ActiveCfg = AppStore|iPhone
		{15D3487E-4206-4A20-9EEB-A700F8EF3DEB}.AppStore|iPhone.Build.0 = AppStore|iPhone
		{15D3487E-4206-4A20-9EEB-A700F8EF3DEB}.AppStore|iPhoneSimulator.ActiveCfg = AppStore|iPhoneSimulator
		{15D3487E-4206-4A20-9EEB-A700F8EF3DEB}.AppStore|iPhoneSimulator.Build.0 = AppStore|iPhoneSimulator
		{15D3487E-4206-4A20-9EEB-A700F8EF3DEB}.AppStore|x64.ActiveCfg = AppStore|iPhone
		{15D3487E-4206-4A20-9EEB-A700F8EF3DEB}.AppStore|x86.ActiveCfg = AppStore|iPhone
		{15D3487E-4206-4A20-9EEB-A700F8EF3DEB}.Debug|Any CPU.ActiveCfg = Debug|iPhone
		{15D3487E-4206-4A20-9EEB-A700F8EF3DEB}.Debug|ARM.ActiveCfg = Debug|iPhone
		{15D3487E-4206-4A20-9EEB-A700F8EF3DEB}.Debug|iPhone.ActiveCfg = Debug|iPhone
		{15D3487E-4206-4A20-9EEB-A700F8EF3DEB}.Debug|iPhone.Build.0 = Debug|iPhone
		{15D3487E-4206-4A20-9EEB-A700F8EF3DEB}.Debug|iPhoneSimulator.ActiveCfg = Debug|iPhoneSimulator
		{15D3487E-4206-4A20-9EEB-A700F8EF3DEB}.Debug|iPhoneSimulator.Build.0 = Debug|iPhoneSimulator
		{15D3487E-4206-4A20-9EEB-A700F8EF3DEB}.Debug|x64.ActiveCfg = Debug|iPhone
		{15D3487E-4206-4A20-9EEB-A700F8EF3DEB}.Debug|x86.ActiveCfg = Debug|iPhone
		{15D3487E-4206-4A20-9EEB-A700F8EF3DEB}.Release|Any CPU.ActiveCfg = Release|iPhone
		{15D3487E-4206-4A20-9EEB-A700F8EF3DEB}.Release|ARM.ActiveCfg = Release|iPhone
		{15D3487E-4206-4A20-9EEB-A700F8EF3DEB}.Release|iPhone.ActiveCfg = Release|iPhone
		{15D3487E-4206-4A20-9EEB-A700F8EF3DEB}.Release|iPhone.Build.0 = Release|iPhone
		{15D3487E-4206-4A20-9EEB-A700F8EF3DEB}.Release|iPhoneSimulator.ActiveCfg = Release|iPhoneSimulator
		{15D3487E-4206-4A20-9EEB-A700F8EF3DEB}.Release|iPhoneSimulator.Build.0 = Release|iPhoneSimulator
		{15D3487E-4206-4A20-9EEB-A700F8EF3DEB}.Release|x64.ActiveCfg = Release|iPhone
		{15D3487E-4206-4A20-9EEB-A700F8EF3DEB}.Release|x86.ActiveCfg = Release|iPhone
		{052BAE7A-DDDB-479F-8E96-2F9F13B2E4A8}.Ad-Hoc|Any CPU.ActiveCfg = Release|Any CPU
		{052BAE7A-DDDB-479F-8E96-2F9F13B2E4A8}.Ad-Hoc|Any CPU.Build.0 = Release|Any CPU
		{052BAE7A-DDDB-479F-8E96-2F9F13B2E4A8}.Ad-Hoc|Any CPU.Deploy.0 = Release|Any CPU
		{052BAE7A-DDDB-479F-8E96-2F9F13B2E4A8}.Ad-Hoc|ARM.ActiveCfg = Release|ARM
		{052BAE7A-DDDB-479F-8E96-2F9F13B2E4A8}.Ad-Hoc|ARM.Build.0 = Release|ARM
		{052BAE7A-DDDB-479F-8E96-2F9F13B2E4A8}.Ad-Hoc|ARM.Deploy.0 = Release|ARM
		{052BAE7A-DDDB-479F-8E96-2F9F13B2E4A8}.Ad-Hoc|iPhone.ActiveCfg = Release|Any CPU
		{052BAE7A-DDDB-479F-8E96-2F9F13B2E4A8}.Ad-Hoc|iPhone.Build.0 = Release|Any CPU
		{052BAE7A-DDDB-479F-8E96-2F9F13B2E4A8}.Ad-Hoc|iPhone.Deploy.0 = Release|Any CPU
		{052BAE7A-DDDB-479F-8E96-2F9F13B2E4A8}.Ad-Hoc|iPhoneSimulator.ActiveCfg = Release|Any CPU
		{052BAE7A-DDDB-479F-8E96-2F9F13B2E4A8}.Ad-Hoc|iPhoneSimulator.Build.0 = Release|Any CPU
		{052BAE7A-DDDB-479F-8E96-2F9F13B2E4A8}.Ad-Hoc|iPhoneSimulator.Deploy.0 = Release|Any CPU
		{052BAE7A-DDDB-479F-8E96-2F9F13B2E4A8}.Ad-Hoc|x64.ActiveCfg = Release|Any CPU
		{052BAE7A-DDDB-479F-8E96-2F9F13B2E4A8}.Ad-Hoc|x64.Build.0 = Release|Any CPU
		{052BAE7A-DDDB-479F-8E96-2F9F13B2E4A8}.Ad-Hoc|x64.Deploy.0 = Release|Any CPU
		{052BAE7A-DDDB-479F-8E96-2F9F13B2E4A8}.Ad-Hoc|x86.ActiveCfg = Release|x86
		{052BAE7A-DDDB-479F-8E96-2F9F13B2E4A8}.Ad-Hoc|x86.Build.0 = Release|x86
		{052BAE7A-DDDB-479F-8E96-2F9F13B2E4A8}.Ad-Hoc|x86.Deploy.0 = Release|x86
		{052BAE7A-DDDB-479F-8E96-2F9F13B2E4A8}.AppStore|Any CPU.ActiveCfg = Release|Any CPU
		{052BAE7A-DDDB-479F-8E96-2F9F13B2E4A8}.AppStore|Any CPU.Build.0 = Release|Any CPU
		{052BAE7A-DDDB-479F-8E96-2F9F13B2E4A8}.AppStore|Any CPU.Deploy.0 = Release|Any CPU
		{052BAE7A-DDDB-479F-8E96-2F9F13B2E4A8}.AppStore|ARM.ActiveCfg = Release|ARM
		{052BAE7A-DDDB-479F-8E96-2F9F13B2E4A8}.AppStore|ARM.Build.0 = Release|ARM
		{052BAE7A-DDDB-479F-8E96-2F9F13B2E4A8}.AppStore|ARM.Deploy.0 = Release|ARM
		{052BAE7A-DDDB-479F-8E96-2F9F13B2E4A8}.AppStore|iPhone.ActiveCfg = Release|Any CPU
		{052BAE7A-DDDB-479F-8E96-2F9F13B2E4A8}.AppStore|iPhone.Build.0 = Release|Any CPU
		{052BAE7A-DDDB-479F-8E96-2F9F13B2E4A8}.AppStore|iPhone.Deploy.0 = Release|Any CPU
		{052BAE7A-DDDB-479F-8E96-2F9F13B2E4A8}.AppStore|iPhoneSimulator.ActiveCfg = Release|Any CPU
		{052BAE7A-DDDB-479F-8E96-2F9F13B2E4A8}.AppStore|iPhoneSimulator.Build.0 = Release|Any CPU
		{052BAE7A-DDDB-479F-8E96-2F9F13B2E4A8}.AppStore|iPhoneSimulator.Deploy.0 = Release|Any CPU
		{052BAE7A-DDDB-479F-8E96-2F9F13B2E4A8}.AppStore|x64.ActiveCfg = Release|Any CPU
		{052BAE7A-DDDB-479F-8E96-2F9F13B2E4A8}.AppStore|x64.Build.0 = Release|Any CPU
		{052BAE7A-DDDB-479F-8E96-2F9F13B2E4A8}.AppStore|x64.Deploy.0 = Release|Any CPU
		{052BAE7A-DDDB-479F-8E96-2F9F13B2E4A8}.AppStore|x86.ActiveCfg = Release|x86
		{052BAE7A-DDDB-479F-8E96-2F9F13B2E4A8}.AppStore|x86.Build.0 = Release|x86
		{052BAE7A-DDDB-479F-8E96-2F9F13B2E4A8}.AppStore|x86.Deploy.0 = Release|x86
		{052BAE7A-DDDB-479F-8E96-2F9F13B2E4A8}.Debug|Any CPU.ActiveCfg = Debug|Any CPU
		{052BAE7A-DDDB-479F-8E96-2F9F13B2E4A8}.Debug|Any CPU.Build.0 = Debug|Any CPU
		{052BAE7A-DDDB-479F-8E96-2F9F13B2E4A8}.Debug|Any CPU.Deploy.0 = Debug|Any CPU
		{052BAE7A-DDDB-479F-8E96-2F9F13B2E4A8}.Debug|ARM.ActiveCfg = Debug|ARM
		{052BAE7A-DDDB-479F-8E96-2F9F13B2E4A8}.Debug|ARM.Build.0 = Debug|ARM
		{052BAE7A-DDDB-479F-8E96-2F9F13B2E4A8}.Debug|ARM.Deploy.0 = Debug|ARM
		{052BAE7A-DDDB-479F-8E96-2F9F13B2E4A8}.Debug|iPhone.ActiveCfg = Debug|Any CPU
		{052BAE7A-DDDB-479F-8E96-2F9F13B2E4A8}.Debug|iPhone.Build.0 = Debug|Any CPU
		{052BAE7A-DDDB-479F-8E96-2F9F13B2E4A8}.Debug|iPhone.Deploy.0 = Debug|Any CPU
		{052BAE7A-DDDB-479F-8E96-2F9F13B2E4A8}.Debug|iPhoneSimulator.ActiveCfg = Debug|Any CPU
		{052BAE7A-DDDB-479F-8E96-2F9F13B2E4A8}.Debug|iPhoneSimulator.Build.0 = Debug|Any CPU
		{052BAE7A-DDDB-479F-8E96-2F9F13B2E4A8}.Debug|iPhoneSimulator.Deploy.0 = Debug|Any CPU
		{052BAE7A-DDDB-479F-8E96-2F9F13B2E4A8}.Debug|x64.ActiveCfg = Debug|Any CPU
		{052BAE7A-DDDB-479F-8E96-2F9F13B2E4A8}.Debug|x64.Build.0 = Debug|Any CPU
		{052BAE7A-DDDB-479F-8E96-2F9F13B2E4A8}.Debug|x64.Deploy.0 = Debug|Any CPU
		{052BAE7A-DDDB-479F-8E96-2F9F13B2E4A8}.Debug|x86.ActiveCfg = Debug|x86
		{052BAE7A-DDDB-479F-8E96-2F9F13B2E4A8}.Debug|x86.Build.0 = Debug|x86
		{052BAE7A-DDDB-479F-8E96-2F9F13B2E4A8}.Debug|x86.Deploy.0 = Debug|x86
		{052BAE7A-DDDB-479F-8E96-2F9F13B2E4A8}.Release|Any CPU.ActiveCfg = Release|Any CPU
		{052BAE7A-DDDB-479F-8E96-2F9F13B2E4A8}.Release|Any CPU.Build.0 = Release|Any CPU
		{052BAE7A-DDDB-479F-8E96-2F9F13B2E4A8}.Release|Any CPU.Deploy.0 = Release|Any CPU
		{052BAE7A-DDDB-479F-8E96-2F9F13B2E4A8}.Release|ARM.ActiveCfg = Release|ARM
		{052BAE7A-DDDB-479F-8E96-2F9F13B2E4A8}.Release|ARM.Build.0 = Release|ARM
		{052BAE7A-DDDB-479F-8E96-2F9F13B2E4A8}.Release|ARM.Deploy.0 = Release|ARM
		{052BAE7A-DDDB-479F-8E96-2F9F13B2E4A8}.Release|iPhone.ActiveCfg = Release|Any CPU
		{052BAE7A-DDDB-479F-8E96-2F9F13B2E4A8}.Release|iPhone.Build.0 = Release|Any CPU
		{052BAE7A-DDDB-479F-8E96-2F9F13B2E4A8}.Release|iPhone.Deploy.0 = Release|Any CPU
		{052BAE7A-DDDB-479F-8E96-2F9F13B2E4A8}.Release|iPhoneSimulator.ActiveCfg = Release|Any CPU
		{052BAE7A-DDDB-479F-8E96-2F9F13B2E4A8}.Release|iPhoneSimulator.Build.0 = Release|Any CPU
		{052BAE7A-DDDB-479F-8E96-2F9F13B2E4A8}.Release|iPhoneSimulator.Deploy.0 = Release|Any CPU
		{052BAE7A-DDDB-479F-8E96-2F9F13B2E4A8}.Release|x64.ActiveCfg = Release|Any CPU
		{052BAE7A-DDDB-479F-8E96-2F9F13B2E4A8}.Release|x64.Build.0 = Release|Any CPU
		{052BAE7A-DDDB-479F-8E96-2F9F13B2E4A8}.Release|x64.Deploy.0 = Release|Any CPU
		{052BAE7A-DDDB-479F-8E96-2F9F13B2E4A8}.Release|x86.ActiveCfg = Release|x86
		{052BAE7A-DDDB-479F-8E96-2F9F13B2E4A8}.Release|x86.Build.0 = Release|x86
		{052BAE7A-DDDB-479F-8E96-2F9F13B2E4A8}.Release|x86.Deploy.0 = Release|x86
		{6FDF90BB-ADD8-403E-B408-5B17B23C6033}.Ad-Hoc|Any CPU.ActiveCfg = Release|x86
		{6FDF90BB-ADD8-403E-B408-5B17B23C6033}.Ad-Hoc|Any CPU.Build.0 = Release|x86
		{6FDF90BB-ADD8-403E-B408-5B17B23C6033}.Ad-Hoc|Any CPU.Deploy.0 = Release|x86
		{6FDF90BB-ADD8-403E-B408-5B17B23C6033}.Ad-Hoc|ARM.ActiveCfg = Release|ARM
		{6FDF90BB-ADD8-403E-B408-5B17B23C6033}.Ad-Hoc|ARM.Build.0 = Release|ARM
		{6FDF90BB-ADD8-403E-B408-5B17B23C6033}.Ad-Hoc|ARM.Deploy.0 = Release|ARM
		{6FDF90BB-ADD8-403E-B408-5B17B23C6033}.Ad-Hoc|iPhone.ActiveCfg = Release|x86
		{6FDF90BB-ADD8-403E-B408-5B17B23C6033}.Ad-Hoc|iPhone.Build.0 = Release|x86
		{6FDF90BB-ADD8-403E-B408-5B17B23C6033}.Ad-Hoc|iPhone.Deploy.0 = Release|x86
		{6FDF90BB-ADD8-403E-B408-5B17B23C6033}.Ad-Hoc|iPhoneSimulator.ActiveCfg = Release|x86
		{6FDF90BB-ADD8-403E-B408-5B17B23C6033}.Ad-Hoc|iPhoneSimulator.Build.0 = Release|x86
		{6FDF90BB-ADD8-403E-B408-5B17B23C6033}.Ad-Hoc|iPhoneSimulator.Deploy.0 = Release|x86
		{6FDF90BB-ADD8-403E-B408-5B17B23C6033}.Ad-Hoc|x64.ActiveCfg = Release|x64
		{6FDF90BB-ADD8-403E-B408-5B17B23C6033}.Ad-Hoc|x64.Build.0 = Release|x64
		{6FDF90BB-ADD8-403E-B408-5B17B23C6033}.Ad-Hoc|x64.Deploy.0 = Release|x64
		{6FDF90BB-ADD8-403E-B408-5B17B23C6033}.Ad-Hoc|x86.ActiveCfg = Release|x86
		{6FDF90BB-ADD8-403E-B408-5B17B23C6033}.Ad-Hoc|x86.Build.0 = Release|x86
		{6FDF90BB-ADD8-403E-B408-5B17B23C6033}.Ad-Hoc|x86.Deploy.0 = Release|x86
		{6FDF90BB-ADD8-403E-B408-5B17B23C6033}.AppStore|Any CPU.ActiveCfg = Release|x86
		{6FDF90BB-ADD8-403E-B408-5B17B23C6033}.AppStore|Any CPU.Build.0 = Release|x86
		{6FDF90BB-ADD8-403E-B408-5B17B23C6033}.AppStore|Any CPU.Deploy.0 = Release|x86
		{6FDF90BB-ADD8-403E-B408-5B17B23C6033}.AppStore|ARM.ActiveCfg = Release|ARM
		{6FDF90BB-ADD8-403E-B408-5B17B23C6033}.AppStore|ARM.Build.0 = Release|ARM
		{6FDF90BB-ADD8-403E-B408-5B17B23C6033}.AppStore|ARM.Deploy.0 = Release|ARM
		{6FDF90BB-ADD8-403E-B408-5B17B23C6033}.AppStore|iPhone.ActiveCfg = Release|x86
		{6FDF90BB-ADD8-403E-B408-5B17B23C6033}.AppStore|iPhone.Build.0 = Release|x86
		{6FDF90BB-ADD8-403E-B408-5B17B23C6033}.AppStore|iPhone.Deploy.0 = Release|x86
		{6FDF90BB-ADD8-403E-B408-5B17B23C6033}.AppStore|iPhoneSimulator.ActiveCfg = Release|x86
		{6FDF90BB-ADD8-403E-B408-5B17B23C6033}.AppStore|iPhoneSimulator.Build.0 = Release|x86
		{6FDF90BB-ADD8-403E-B408-5B17B23C6033}.AppStore|iPhoneSimulator.Deploy.0 = Release|x86
		{6FDF90BB-ADD8-403E-B408-5B17B23C6033}.AppStore|x64.ActiveCfg = Release|x64
		{6FDF90BB-ADD8-403E-B408-5B17B23C6033}.AppStore|x64.Build.0 = Release|x64
		{6FDF90BB-ADD8-403E-B408-5B17B23C6033}.AppStore|x64.Deploy.0 = Release|x64
		{6FDF90BB-ADD8-403E-B408-5B17B23C6033}.AppStore|x86.ActiveCfg = Release|x86
		{6FDF90BB-ADD8-403E-B408-5B17B23C6033}.AppStore|x86.Build.0 = Release|x86
		{6FDF90BB-ADD8-403E-B408-5B17B23C6033}.AppStore|x86.Deploy.0 = Release|x86
		{6FDF90BB-ADD8-403E-B408-5B17B23C6033}.Debug|Any CPU.ActiveCfg = Debug|x86
		{6FDF90BB-ADD8-403E-B408-5B17B23C6033}.Debug|ARM.ActiveCfg = Debug|ARM
		{6FDF90BB-ADD8-403E-B408-5B17B23C6033}.Debug|ARM.Build.0 = Debug|ARM
		{6FDF90BB-ADD8-403E-B408-5B17B23C6033}.Debug|ARM.Deploy.0 = Debug|ARM
		{6FDF90BB-ADD8-403E-B408-5B17B23C6033}.Debug|iPhone.ActiveCfg = Debug|x86
		{6FDF90BB-ADD8-403E-B408-5B17B23C6033}.Debug|iPhoneSimulator.ActiveCfg = Debug|x86
		{6FDF90BB-ADD8-403E-B408-5B17B23C6033}.Debug|x64.ActiveCfg = Debug|x64
		{6FDF90BB-ADD8-403E-B408-5B17B23C6033}.Debug|x64.Build.0 = Debug|x64
		{6FDF90BB-ADD8-403E-B408-5B17B23C6033}.Debug|x64.Deploy.0 = Debug|x64
		{6FDF90BB-ADD8-403E-B408-5B17B23C6033}.Debug|x86.ActiveCfg = Debug|x86
		{6FDF90BB-ADD8-403E-B408-5B17B23C6033}.Debug|x86.Build.0 = Debug|x86
		{6FDF90BB-ADD8-403E-B408-5B17B23C6033}.Debug|x86.Deploy.0 = Debug|x86
		{6FDF90BB-ADD8-403E-B408-5B17B23C6033}.Release|Any CPU.ActiveCfg = Release|x86
		{6FDF90BB-ADD8-403E-B408-5B17B23C6033}.Release|ARM.ActiveCfg = Release|ARM
		{6FDF90BB-ADD8-403E-B408-5B17B23C6033}.Release|ARM.Build.0 = Release|ARM
		{6FDF90BB-ADD8-403E-B408-5B17B23C6033}.Release|ARM.Deploy.0 = Release|ARM
		{6FDF90BB-ADD8-403E-B408-5B17B23C6033}.Release|iPhone.ActiveCfg = Release|x86
		{6FDF90BB-ADD8-403E-B408-5B17B23C6033}.Release|iPhoneSimulator.ActiveCfg = Release|x86
		{6FDF90BB-ADD8-403E-B408-5B17B23C6033}.Release|x64.ActiveCfg = Release|x64
		{6FDF90BB-ADD8-403E-B408-5B17B23C6033}.Release|x64.Build.0 = Release|x64
		{6FDF90BB-ADD8-403E-B408-5B17B23C6033}.Release|x64.Deploy.0 = Release|x64
		{6FDF90BB-ADD8-403E-B408-5B17B23C6033}.Release|x86.ActiveCfg = Release|x86
		{6FDF90BB-ADD8-403E-B408-5B17B23C6033}.Release|x86.Build.0 = Release|x86
		{6FDF90BB-ADD8-403E-B408-5B17B23C6033}.Release|x86.Deploy.0 = Release|x86
		{743F1F06-5E3D-445F-8C45-E794BEFD6C63}.Ad-Hoc|Any CPU.ActiveCfg = Release|Any CPU
		{743F1F06-5E3D-445F-8C45-E794BEFD6C63}.Ad-Hoc|Any CPU.Build.0 = Release|Any CPU
		{743F1F06-5E3D-445F-8C45-E794BEFD6C63}.Ad-Hoc|Any CPU.Deploy.0 = Release|Any CPU
		{743F1F06-5E3D-445F-8C45-E794BEFD6C63}.Ad-Hoc|ARM.ActiveCfg = Release|ARM
		{743F1F06-5E3D-445F-8C45-E794BEFD6C63}.Ad-Hoc|ARM.Build.0 = Release|ARM
		{743F1F06-5E3D-445F-8C45-E794BEFD6C63}.Ad-Hoc|ARM.Deploy.0 = Release|ARM
		{743F1F06-5E3D-445F-8C45-E794BEFD6C63}.Ad-Hoc|iPhone.ActiveCfg = Release|Any CPU
		{743F1F06-5E3D-445F-8C45-E794BEFD6C63}.Ad-Hoc|iPhone.Build.0 = Release|Any CPU
		{743F1F06-5E3D-445F-8C45-E794BEFD6C63}.Ad-Hoc|iPhone.Deploy.0 = Release|Any CPU
		{743F1F06-5E3D-445F-8C45-E794BEFD6C63}.Ad-Hoc|iPhoneSimulator.ActiveCfg = Release|Any CPU
		{743F1F06-5E3D-445F-8C45-E794BEFD6C63}.Ad-Hoc|iPhoneSimulator.Build.0 = Release|Any CPU
		{743F1F06-5E3D-445F-8C45-E794BEFD6C63}.Ad-Hoc|iPhoneSimulator.Deploy.0 = Release|Any CPU
		{743F1F06-5E3D-445F-8C45-E794BEFD6C63}.Ad-Hoc|x64.ActiveCfg = Release|x64
		{743F1F06-5E3D-445F-8C45-E794BEFD6C63}.Ad-Hoc|x64.Build.0 = Release|x64
		{743F1F06-5E3D-445F-8C45-E794BEFD6C63}.Ad-Hoc|x64.Deploy.0 = Release|x64
		{743F1F06-5E3D-445F-8C45-E794BEFD6C63}.Ad-Hoc|x86.ActiveCfg = Release|x86
		{743F1F06-5E3D-445F-8C45-E794BEFD6C63}.Ad-Hoc|x86.Build.0 = Release|x86
		{743F1F06-5E3D-445F-8C45-E794BEFD6C63}.Ad-Hoc|x86.Deploy.0 = Release|x86
		{743F1F06-5E3D-445F-8C45-E794BEFD6C63}.AppStore|Any CPU.ActiveCfg = Release|Any CPU
		{743F1F06-5E3D-445F-8C45-E794BEFD6C63}.AppStore|Any CPU.Build.0 = Release|Any CPU
		{743F1F06-5E3D-445F-8C45-E794BEFD6C63}.AppStore|Any CPU.Deploy.0 = Release|Any CPU
		{743F1F06-5E3D-445F-8C45-E794BEFD6C63}.AppStore|ARM.ActiveCfg = Release|ARM
		{743F1F06-5E3D-445F-8C45-E794BEFD6C63}.AppStore|ARM.Build.0 = Release|ARM
		{743F1F06-5E3D-445F-8C45-E794BEFD6C63}.AppStore|ARM.Deploy.0 = Release|ARM
		{743F1F06-5E3D-445F-8C45-E794BEFD6C63}.AppStore|iPhone.ActiveCfg = Release|Any CPU
		{743F1F06-5E3D-445F-8C45-E794BEFD6C63}.AppStore|iPhone.Build.0 = Release|Any CPU
		{743F1F06-5E3D-445F-8C45-E794BEFD6C63}.AppStore|iPhone.Deploy.0 = Release|Any CPU
		{743F1F06-5E3D-445F-8C45-E794BEFD6C63}.AppStore|iPhoneSimulator.ActiveCfg = Release|Any CPU
		{743F1F06-5E3D-445F-8C45-E794BEFD6C63}.AppStore|iPhoneSimulator.Build.0 = Release|Any CPU
		{743F1F06-5E3D-445F-8C45-E794BEFD6C63}.AppStore|iPhoneSimulator.Deploy.0 = Release|Any CPU
		{743F1F06-5E3D-445F-8C45-E794BEFD6C63}.AppStore|x64.ActiveCfg = Release|x64
		{743F1F06-5E3D-445F-8C45-E794BEFD6C63}.AppStore|x64.Build.0 = Release|x64
		{743F1F06-5E3D-445F-8C45-E794BEFD6C63}.AppStore|x64.Deploy.0 = Release|x64
		{743F1F06-5E3D-445F-8C45-E794BEFD6C63}.AppStore|x86.ActiveCfg = Release|x86
		{743F1F06-5E3D-445F-8C45-E794BEFD6C63}.AppStore|x86.Build.0 = Release|x86
		{743F1F06-5E3D-445F-8C45-E794BEFD6C63}.AppStore|x86.Deploy.0 = Release|x86
		{743F1F06-5E3D-445F-8C45-E794BEFD6C63}.Debug|Any CPU.ActiveCfg = Debug|Any CPU
		{743F1F06-5E3D-445F-8C45-E794BEFD6C63}.Debug|Any CPU.Build.0 = Debug|Any CPU
		{743F1F06-5E3D-445F-8C45-E794BEFD6C63}.Debug|Any CPU.Deploy.0 = Debug|Any CPU
		{743F1F06-5E3D-445F-8C45-E794BEFD6C63}.Debug|ARM.ActiveCfg = Debug|ARM
		{743F1F06-5E3D-445F-8C45-E794BEFD6C63}.Debug|ARM.Build.0 = Debug|ARM
		{743F1F06-5E3D-445F-8C45-E794BEFD6C63}.Debug|ARM.Deploy.0 = Debug|ARM
		{743F1F06-5E3D-445F-8C45-E794BEFD6C63}.Debug|iPhone.ActiveCfg = Debug|Any CPU
		{743F1F06-5E3D-445F-8C45-E794BEFD6C63}.Debug|iPhone.Build.0 = Debug|Any CPU
		{743F1F06-5E3D-445F-8C45-E794BEFD6C63}.Debug|iPhone.Deploy.0 = Debug|Any CPU
		{743F1F06-5E3D-445F-8C45-E794BEFD6C63}.Debug|iPhoneSimulator.ActiveCfg = Debug|Any CPU
		{743F1F06-5E3D-445F-8C45-E794BEFD6C63}.Debug|iPhoneSimulator.Build.0 = Debug|Any CPU
		{743F1F06-5E3D-445F-8C45-E794BEFD6C63}.Debug|iPhoneSimulator.Deploy.0 = Debug|Any CPU
		{743F1F06-5E3D-445F-8C45-E794BEFD6C63}.Debug|x64.ActiveCfg = Debug|x64
		{743F1F06-5E3D-445F-8C45-E794BEFD6C63}.Debug|x64.Build.0 = Debug|x64
		{743F1F06-5E3D-445F-8C45-E794BEFD6C63}.Debug|x64.Deploy.0 = Debug|x64
		{743F1F06-5E3D-445F-8C45-E794BEFD6C63}.Debug|x86.ActiveCfg = Debug|x86
		{743F1F06-5E3D-445F-8C45-E794BEFD6C63}.Debug|x86.Build.0 = Debug|x86
		{743F1F06-5E3D-445F-8C45-E794BEFD6C63}.Debug|x86.Deploy.0 = Debug|x86
		{743F1F06-5E3D-445F-8C45-E794BEFD6C63}.Release|Any CPU.ActiveCfg = Release|Any CPU
		{743F1F06-5E3D-445F-8C45-E794BEFD6C63}.Release|Any CPU.Build.0 = Release|Any CPU
		{743F1F06-5E3D-445F-8C45-E794BEFD6C63}.Release|Any CPU.Deploy.0 = Release|Any CPU
		{743F1F06-5E3D-445F-8C45-E794BEFD6C63}.Release|ARM.ActiveCfg = Release|ARM
		{743F1F06-5E3D-445F-8C45-E794BEFD6C63}.Release|ARM.Build.0 = Release|ARM
		{743F1F06-5E3D-445F-8C45-E794BEFD6C63}.Release|ARM.Deploy.0 = Release|ARM
		{743F1F06-5E3D-445F-8C45-E794BEFD6C63}.Release|iPhone.ActiveCfg = Release|Any CPU
		{743F1F06-5E3D-445F-8C45-E794BEFD6C63}.Release|iPhone.Build.0 = Release|Any CPU
		{743F1F06-5E3D-445F-8C45-E794BEFD6C63}.Release|iPhone.Deploy.0 = Release|Any CPU
		{743F1F06-5E3D-445F-8C45-E794BEFD6C63}.Release|iPhoneSimulator.ActiveCfg = Release|Any CPU
		{743F1F06-5E3D-445F-8C45-E794BEFD6C63}.Release|iPhoneSimulator.Build.0 = Release|Any CPU
		{743F1F06-5E3D-445F-8C45-E794BEFD6C63}.Release|iPhoneSimulator.Deploy.0 = Release|Any CPU
		{743F1F06-5E3D-445F-8C45-E794BEFD6C63}.Release|x64.ActiveCfg = Release|x64
		{743F1F06-5E3D-445F-8C45-E794BEFD6C63}.Release|x64.Build.0 = Release|x64
		{743F1F06-5E3D-445F-8C45-E794BEFD6C63}.Release|x64.Deploy.0 = Release|x64
		{743F1F06-5E3D-445F-8C45-E794BEFD6C63}.Release|x86.ActiveCfg = Release|x86
		{743F1F06-5E3D-445F-8C45-E794BEFD6C63}.Release|x86.Build.0 = Release|x86
		{743F1F06-5E3D-445F-8C45-E794BEFD6C63}.Release|x86.Deploy.0 = Release|x86
	EndGlobalSection
	GlobalSection(SolutionProperties) = preSolution
		HideSolutionNode = FALSE
	EndGlobalSection
EndGlobal
